// !$*UTF8*$!
{
	archiveVersion = 1;
	classes = {
	};
	objectVersion = 46;
	objects = {

/* Begin PBXBuildFile section */
		1D86FC0D1E56CF2D00BB4B5C /* AppDelegate.swift in Sources */ = {isa = PBXBuildFile; fileRef = 1D86FC0C1E56CF2D00BB4B5C /* AppDelegate.swift */; };
		1D86FC0F1E56CF2D00BB4B5C /* ViewController.swift in Sources */ = {isa = PBXBuildFile; fileRef = 1D86FC0E1E56CF2D00BB4B5C /* ViewController.swift */; };
		1D86FC121E56CF2D00BB4B5C /* Main.storyboard in Resources */ = {isa = PBXBuildFile; fileRef = 1D86FC101E56CF2D00BB4B5C /* Main.storyboard */; };
		1D86FC141E56CF2D00BB4B5C /* Assets.xcassets in Resources */ = {isa = PBXBuildFile; fileRef = 1D86FC131E56CF2D00BB4B5C /* Assets.xcassets */; };
		1D86FC171E56CF2D00BB4B5C /* LaunchScreen.storyboard in Resources */ = {isa = PBXBuildFile; fileRef = 1D86FC151E56CF2D00BB4B5C /* LaunchScreen.storyboard */; };
		1D86FC221E56CF2D00BB4B5C /* StopwatchKevinTests.swift in Sources */ = {isa = PBXBuildFile; fileRef = 1D86FC211E56CF2D00BB4B5C /* StopwatchKevinTests.swift */; };
		1D86FC2D1E56CF2D00BB4B5C /* StopwatchKevinUITests.swift in Sources */ = {isa = PBXBuildFile; fileRef = 1D86FC2C1E56CF2D00BB4B5C /* StopwatchKevinUITests.swift */; };
		1D86FC3D1E56FB0E00BB4B5C /* Stopwatch.swift in Sources */ = {isa = PBXBuildFile; fileRef = 1D86FC3C1E56FB0E00BB4B5C /* Stopwatch.swift */; };
/* End PBXBuildFile section */

/* Begin PBXContainerItemProxy section */
		1D86FC1E1E56CF2D00BB4B5C /* PBXContainerItemProxy */ = {
			isa = PBXContainerItemProxy;
			containerPortal = 1D86FC011E56CF2D00BB4B5C /* Project object */;
			proxyType = 1;
			remoteGlobalIDString = 1D86FC081E56CF2D00BB4B5C;
			remoteInfo = StopwatchKevin;
		};
		1D86FC291E56CF2D00BB4B5C /* PBXContainerItemProxy */ = {
			isa = PBXContainerItemProxy;
			containerPortal = 1D86FC011E56CF2D00BB4B5C /* Project object */;
			proxyType = 1;
			remoteGlobalIDString = 1D86FC081E56CF2D00BB4B5C;
			remoteInfo = StopwatchKevin;
		};
/* End PBXContainerItemProxy section */

/* Begin PBXFileReference section */
		1D86FC091E56CF2D00BB4B5C /* StopwatchKevin.app */ = {isa = PBXFileReference; explicitFileType = wrapper.application; includeInIndex = 0; path = StopwatchKevin.app; sourceTree = BUILT_PRODUCTS_DIR; };
		1D86FC0C1E56CF2D00BB4B5C /* AppDelegate.swift */ = {isa = PBXFileReference; lastKnownFileType = sourcecode.swift; path = AppDelegate.swift; sourceTree = "<group>"; };
		1D86FC0E1E56CF2D00BB4B5C /* ViewController.swift */ = {isa = PBXFileReference; lastKnownFileType = sourcecode.swift; path = ViewController.swift; sourceTree = "<group>"; };
		1D86FC111E56CF2D00BB4B5C /* Base */ = {isa = PBXFileReference; lastKnownFileType = file.storyboard; name = Base; path = Base.lproj/Main.storyboard; sourceTree = "<group>"; };
		1D86FC131E56CF2D00BB4B5C /* Assets.xcassets */ = {isa = PBXFileReference; lastKnownFileType = folder.assetcatalog; path = Assets.xcassets; sourceTree = "<group>"; };
		1D86FC161E56CF2D00BB4B5C /* Base */ = {isa = PBXFileReference; lastKnownFileType = file.storyboard; name = Base; path = Base.lproj/LaunchScreen.storyboard; sourceTree = "<group>"; };
		1D86FC181E56CF2D00BB4B5C /* Info.plist */ = {isa = PBXFileReference; lastKnownFileType = text.plist.xml; path = Info.plist; sourceTree = "<group>"; };
		1D86FC1D1E56CF2D00BB4B5C /* StopwatchKevinTests.xctest */ = {isa = PBXFileReference; explicitFileType = wrapper.cfbundle; includeInIndex = 0; path = StopwatchKevinTests.xctest; sourceTree = BUILT_PRODUCTS_DIR; };
		1D86FC211E56CF2D00BB4B5C /* StopwatchKevinTests.swift */ = {isa = PBXFileReference; lastKnownFileType = sourcecode.swift; path = StopwatchKevinTests.swift; sourceTree = "<group>"; };
		1D86FC231E56CF2D00BB4B5C /* Info.plist */ = {isa = PBXFileReference; lastKnownFileType = text.plist.xml; path = Info.plist; sourceTree = "<group>"; };
		1D86FC281E56CF2D00BB4B5C /* StopwatchKevinUITests.xctest */ = {isa = PBXFileReference; explicitFileType = wrapper.cfbundle; includeInIndex = 0; path = StopwatchKevinUITests.xctest; sourceTree = BUILT_PRODUCTS_DIR; };
		1D86FC2C1E56CF2D00BB4B5C /* StopwatchKevinUITests.swift */ = {isa = PBXFileReference; lastKnownFileType = sourcecode.swift; path = StopwatchKevinUITests.swift; sourceTree = "<group>"; };
		1D86FC2E1E56CF2D00BB4B5C /* Info.plist */ = {isa = PBXFileReference; lastKnownFileType = text.plist.xml; path = Info.plist; sourceTree = "<group>"; };
		1D86FC3C1E56FB0E00BB4B5C /* Stopwatch.swift */ = {isa = PBXFileReference; fileEncoding = 4; lastKnownFileType = sourcecode.swift; path = Stopwatch.swift; sourceTree = "<group>"; };
/* End PBXFileReference section */

/* Begin PBXFrameworksBuildPhase section */
		1D86FC061E56CF2D00BB4B5C /* Frameworks */ = {
			isa = PBXFrameworksBuildPhase;
			buildActionMask = 2147483647;
			files = (
			);
			runOnlyForDeploymentPostprocessing = 0;
		};
		1D86FC1A1E56CF2D00BB4B5C /* Frameworks */ = {
			isa = PBXFrameworksBuildPhase;
			buildActionMask = 2147483647;
			files = (
			);
			runOnlyForDeploymentPostprocessing = 0;
		};
		1D86FC251E56CF2D00BB4B5C /* Frameworks */ = {
			isa = PBXFrameworksBuildPhase;
			buildActionMask = 2147483647;
			files = (
			);
			runOnlyForDeploymentPostprocessing = 0;
		};
/* End PBXFrameworksBuildPhase section */

/* Begin PBXGroup section */
		1D86FC001E56CF2D00BB4B5C = {
			isa = PBXGroup;
			children = (
				1D86FC0B1E56CF2D00BB4B5C /* StopwatchKevin */,
				1D86FC201E56CF2D00BB4B5C /* StopwatchKevinTests */,
				1D86FC2B1E56CF2D00BB4B5C /* StopwatchKevinUITests */,
				1D86FC0A1E56CF2D00BB4B5C /* Products */,
			);
			sourceTree = "<group>";
		};
		1D86FC0A1E56CF2D00BB4B5C /* Products */ = {
			isa = PBXGroup;
			children = (
				1D86FC091E56CF2D00BB4B5C /* StopwatchKevin.app */,
				1D86FC1D1E56CF2D00BB4B5C /* StopwatchKevinTests.xctest */,
				1D86FC281E56CF2D00BB4B5C /* StopwatchKevinUITests.xctest */,
			);
			name = Products;
			sourceTree = "<group>";
		};
		1D86FC0B1E56CF2D00BB4B5C /* StopwatchKevin */ = {
			isa = PBXGroup;
			children = (
				1D86FC3C1E56FB0E00BB4B5C /* Stopwatch.swift */,
				1D86FC0C1E56CF2D00BB4B5C /* AppDelegate.swift */,
				1D86FC0E1E56CF2D00BB4B5C /* ViewController.swift */,
				1D86FC101E56CF2D00BB4B5C /* Main.storyboard */,
				1D86FC131E56CF2D00BB4B5C /* Assets.xcassets */,
				1D86FC151E56CF2D00BB4B5C /* LaunchScreen.storyboard */,
				1D86FC181E56CF2D00BB4B5C /* Info.plist */,
			);
			path = StopwatchKevin;
			sourceTree = "<group>";
		};
		1D86FC201E56CF2D00BB4B5C /* StopwatchKevinTests */ = {
			isa = PBXGroup;
			children = (
				1D86FC211E56CF2D00BB4B5C /* StopwatchKevinTests.swift */,
				1D86FC231E56CF2D00BB4B5C /* Info.plist */,
			);
			path = StopwatchKevinTests;
			sourceTree = "<group>";
		};
		1D86FC2B1E56CF2D00BB4B5C /* StopwatchKevinUITests */ = {
			isa = PBXGroup;
			children = (
				1D86FC2C1E56CF2D00BB4B5C /* StopwatchKevinUITests.swift */,
				1D86FC2E1E56CF2D00BB4B5C /* Info.plist */,
			);
			path = StopwatchKevinUITests;
			sourceTree = "<group>";
		};
/* End PBXGroup section */

/* Begin PBXNativeTarget section */
		1D86FC081E56CF2D00BB4B5C /* StopwatchKevin */ = {
			isa = PBXNativeTarget;
			buildConfigurationList = 1D86FC311E56CF2D00BB4B5C /* Build configuration list for PBXNativeTarget "StopwatchKevin" */;
			buildPhases = (
				1D86FC051E56CF2D00BB4B5C /* Sources */,
				1D86FC061E56CF2D00BB4B5C /* Frameworks */,
				1D86FC071E56CF2D00BB4B5C /* Resources */,
			);
			buildRules = (
			);
			dependencies = (
			);
			name = StopwatchKevin;
			productName = StopwatchKevin;
			productReference = 1D86FC091E56CF2D00BB4B5C /* StopwatchKevin.app */;
			productType = "com.apple.product-type.application";
		};
		1D86FC1C1E56CF2D00BB4B5C /* StopwatchKevinTests */ = {
			isa = PBXNativeTarget;
			buildConfigurationList = 1D86FC341E56CF2D00BB4B5C /* Build configuration list for PBXNativeTarget "StopwatchKevinTests" */;
			buildPhases = (
				1D86FC191E56CF2D00BB4B5C /* Sources */,
				1D86FC1A1E56CF2D00BB4B5C /* Frameworks */,
				1D86FC1B1E56CF2D00BB4B5C /* Resources */,
			);
			buildRules = (
			);
			dependencies = (
				1D86FC1F1E56CF2D00BB4B5C /* PBXTargetDependency */,
			);
			name = StopwatchKevinTests;
			productName = StopwatchKevinTests;
			productReference = 1D86FC1D1E56CF2D00BB4B5C /* StopwatchKevinTests.xctest */;
			productType = "com.apple.product-type.bundle.unit-test";
		};
		1D86FC271E56CF2D00BB4B5C /* StopwatchKevinUITests */ = {
			isa = PBXNativeTarget;
			buildConfigurationList = 1D86FC371E56CF2D00BB4B5C /* Build configuration list for PBXNativeTarget "StopwatchKevinUITests" */;
			buildPhases = (
				1D86FC241E56CF2D00BB4B5C /* Sources */,
				1D86FC251E56CF2D00BB4B5C /* Frameworks */,
				1D86FC261E56CF2D00BB4B5C /* Resources */,
			);
			buildRules = (
			);
			dependencies = (
				1D86FC2A1E56CF2D00BB4B5C /* PBXTargetDependency */,
			);
			name = StopwatchKevinUITests;
			productName = StopwatchKevinUITests;
			productReference = 1D86FC281E56CF2D00BB4B5C /* StopwatchKevinUITests.xctest */;
			productType = "com.apple.product-type.bundle.ui-testing";
		};
/* End PBXNativeTarget section */

/* Begin PBXProject section */
		1D86FC011E56CF2D00BB4B5C /* Project object */ = {
			isa = PBXProject;
			attributes = {
				LastSwiftUpdateCheck = 0820;
				LastUpgradeCheck = 0820;
				ORGANIZATIONNAME = "孙凯峰";
				TargetAttributes = {
					1D86FC081E56CF2D00BB4B5C = {
						CreatedOnToolsVersion = 8.2.1;
						ProvisioningStyle = Automatic;
					};
					1D86FC1C1E56CF2D00BB4B5C = {
						CreatedOnToolsVersion = 8.2.1;
						ProvisioningStyle = Automatic;
						TestTargetID = 1D86FC081E56CF2D00BB4B5C;
					};
					1D86FC271E56CF2D00BB4B5C = {
						CreatedOnToolsVersion = 8.2.1;
						ProvisioningStyle = Automatic;
						TestTargetID = 1D86FC081E56CF2D00BB4B5C;
					};
				};
			};
			buildConfigurationList = 1D86FC041E56CF2D00BB4B5C /* Build configuration list for PBXProject "StopwatchKevin" */;
			compatibilityVersion = "Xcode 3.2";
			developmentRegion = English;
			hasScannedForEncodings = 0;
			knownRegions = (
				en,
				Base,
			);
			mainGroup = 1D86FC001E56CF2D00BB4B5C;
			productRefGroup = 1D86FC0A1E56CF2D00BB4B5C /* Products */;
			projectDirPath = "";
			projectRoot = "";
			targets = (
				1D86FC081E56CF2D00BB4B5C /* StopwatchKevin */,
				1D86FC1C1E56CF2D00BB4B5C /* StopwatchKevinTests */,
				1D86FC271E56CF2D00BB4B5C /* StopwatchKevinUITests */,
			);
		};
/* End PBXProject section */

/* Begin PBXResourcesBuildPhase section */
		1D86FC071E56CF2D00BB4B5C /* Resources */ = {
			isa = PBXResourcesBuildPhase;
			buildActionMask = 2147483647;
			files = (
				1D86FC171E56CF2D00BB4B5C /* LaunchScreen.storyboard in Resources */,
				1D86FC141E56CF2D00BB4B5C /* Assets.xcassets in Resources */,
				1D86FC121E56CF2D00BB4B5C /* Main.storyboard in Resources */,
			);
			runOnlyForDeploymentPostprocessing = 0;
		};
		1D86FC1B1E56CF2D00BB4B5C /* Resources */ = {
			isa = PBXResourcesBuildPhase;
			buildActionMask = 2147483647;
			files = (
			);
			runOnlyForDeploymentPostprocessing = 0;
		};
		1D86FC261E56CF2D00BB4B5C /* Resources */ = {
			isa = PBXResourcesBuildPhase;
			buildActionMask = 2147483647;
			files = (
			);
			runOnlyForDeploymentPostprocessing = 0;
		};
/* End PBXResourcesBuildPhase section */

/* Begin PBXSourcesBuildPhase section */
		1D86FC051E56CF2D00BB4B5C /* Sources */ = {
			isa = PBXSourcesBuildPhase;
			buildActionMask = 2147483647;
			files = (
				1D86FC0F1E56CF2D00BB4B5C /* ViewController.swift in Sources */,
				1D86FC3D1E56FB0E00BB4B5C /* Stopwatch.swift in Sources */,
				1D86FC0D1E56CF2D00BB4B5C /* AppDelegate.swift in Sources */,
			);
			runOnlyForDeploymentPostprocessing = 0;
		};
		1D86FC191E56CF2D00BB4B5C /* Sources */ = {
			isa = PBXSourcesBuildPhase;
			buildActionMask = 2147483647;
			files = (
				1D86FC221E56CF2D00BB4B5C /* StopwatchKevinTests.swift in Sources */,
			);
			runOnlyForDeploymentPostprocessing = 0;
		};
		1D86FC241E56CF2D00BB4B5C /* Sources */ = {
			isa = PBXSourcesBuildPhase;
			buildActionMask = 2147483647;
			files = (
				1D86FC2D1E56CF2D00BB4B5C /* StopwatchKevinUITests.swift in Sources */,
			);
			runOnlyForDeploymentPostprocessing = 0;
		};
/* End PBXSourcesBuildPhase section */

/* Begin PBXTargetDependency section */
		1D86FC1F1E56CF2D00BB4B5C /* PBXTargetDependency */ = {
			isa = PBXTargetDependency;
			target = 1D86FC081E56CF2D00BB4B5C /* StopwatchKevin */;
			targetProxy = 1D86FC1E1E56CF2D00BB4B5C /* PBXContainerItemProxy */;
		};
		1D86FC2A1E56CF2D00BB4B5C /* PBXTargetDependency */ = {
			isa = PBXTargetDependency;
			target = 1D86FC081E56CF2D00BB4B5C /* StopwatchKevin */;
			targetProxy = 1D86FC291E56CF2D00BB4B5C /* PBXContainerItemProxy */;
		};
/* End PBXTargetDependency section */

/* Begin PBXVariantGroup section */
		1D86FC101E56CF2D00BB4B5C /* Main.storyboard */ = {
			isa = PBXVariantGroup;
			children = (
				1D86FC111E56CF2D00BB4B5C /* Base */,
			);
			name = Main.storyboard;
			sourceTree = "<group>";
		};
		1D86FC151E56CF2D00BB4B5C /* LaunchScreen.storyboard */ = {
			isa = PBXVariantGroup;
			children = (
				1D86FC161E56CF2D00BB4B5C /* Base */,
			);
			name = LaunchScreen.storyboard;
			sourceTree = "<group>";
		};
/* End PBXVariantGroup section */

/* Begin XCBuildConfiguration section */
		1D86FC2F1E56CF2D00BB4B5C /* Debug */ = {
			isa = XCBuildConfiguration;
			buildSettings = {
				ALWAYS_SEARCH_USER_PATHS = NO;
				CLANG_ANALYZER_NONNULL = YES;
				CLANG_CXX_LANGUAGE_STANDARD = "gnu++0x";
				CLANG_CXX_LIBRARY = "libc++";
				CLANG_ENABLE_MODULES = YES;
				CLANG_ENABLE_OBJC_ARC = YES;
				CLANG_WARN_BOOL_CONVERSION = YES;
				CLANG_WARN_CONSTANT_CONVERSION = YES;
				CLANG_WARN_DIRECT_OBJC_ISA_USAGE = YES_ERROR;
				CLANG_WARN_DOCUMENTATION_COMMENTS = YES;
				CLANG_WARN_EMPTY_BODY = YES;
				CLANG_WARN_ENUM_CONVERSION = YES;
				CLANG_WARN_INFINITE_RECURSION = YES;
				CLANG_WARN_INT_CONVERSION = YES;
				CLANG_WARN_OBJC_ROOT_CLASS = YES_ERROR;
				CLANG_WARN_SUSPICIOUS_MOVE = YES;
				CLANG_WARN_UNREACHABLE_CODE = YES;
				CLANG_WARN__DUPLICATE_METHOD_MATCH = YES;
				"CODE_SIGN_IDENTITY[sdk=iphoneos*]" = "iPhone Developer";
				COPY_PHASE_STRIP = NO;
				DEBUG_INFORMATION_FORMAT = dwarf;
				ENABLE_STRICT_OBJC_MSGSEND = YES;
				ENABLE_TESTABILITY = YES;
				GCC_C_LANGUAGE_STANDARD = gnu99;
				GCC_DYNAMIC_NO_PIC = NO;
				GCC_NO_COMMON_BLOCKS = YES;
				GCC_OPTIMIZATION_LEVEL = 0;
				GCC_PREPROCESSOR_DEFINITIONS = (
					"DEBUG=1",
					"$(inherited)",
				);
				GCC_WARN_64_TO_32_BIT_CONVERSION = YES;
				GCC_WARN_ABOUT_RETURN_TYPE = YES_ERROR;
				GCC_WARN_UNDECLARED_SELECTOR = YES;
				GCC_WARN_UNINITIALIZED_AUTOS = YES_AGGRESSIVE;
				GCC_WARN_UNUSED_FUNCTION = YES;
				GCC_WARN_UNUSED_VARIABLE = YES;
				IPHONEOS_DEPLOYMENT_TARGET = 10.2;
				MTL_ENABLE_DEBUG_INFO = YES;
				ONLY_ACTIVE_ARCH = YES;
				SDKROOT = iphoneos;
				SWIFT_ACTIVE_COMPILATION_CONDITIONS = DEBUG;
				SWIFT_OPTIMIZATION_LEVEL = "-Onone";
			};
			name = Debug;
		};
		1D86FC301E56CF2D00BB4B5C /* Release */ = {
			isa = XCBuildConfiguration;
			buildSettings = {
				ALWAYS_SEARCH_USER_PATHS = NO;
				CLANG_ANALYZER_NONNULL = YES;
				CLANG_CXX_LANGUAGE_STANDARD = "gnu++0x";
				CLANG_CXX_LIBRARY = "libc++";
				CLANG_ENABLE_MODULES = YES;
				CLANG_ENABLE_OBJC_ARC = YES;
				CLANG_WARN_BOOL_CONVERSION = YES;
				CLANG_WARN_CONSTANT_CONVERSION = YES;
				CLANG_WARN_DIRECT_OBJC_ISA_USAGE = YES_ERROR;
				CLANG_WARN_DOCUMENTATION_COMMENTS = YES;
				CLANG_WARN_EMPTY_BODY = YES;
				CLANG_WARN_ENUM_CONVERSION = YES;
				CLANG_WARN_INFINITE_RECURSION = YES;
				CLANG_WARN_INT_CONVERSION = YES;
				CLANG_WARN_OBJC_ROOT_CLASS = YES_ERROR;
				CLANG_WARN_SUSPICIOUS_MOVE = YES;
				CLANG_WARN_UNREACHABLE_CODE = YES;
				CLANG_WARN__DUPLICATE_METHOD_MATCH = YES;
				"CODE_SIGN_IDENTITY[sdk=iphoneos*]" = "iPhone Developer";
				COPY_PHASE_STRIP = NO;
				DEBUG_INFORMATION_FORMAT = "dwarf-with-dsym";
				ENABLE_NS_ASSERTIONS = NO;
				ENABLE_STRICT_OBJC_MSGSEND = YES;
				GCC_C_LANGUAGE_STANDARD = gnu99;
				GCC_NO_COMMON_BLOCKS = YES;
				GCC_WARN_64_TO_32_BIT_CONVERSION = YES;
				GCC_WARN_ABOUT_RETURN_TYPE = YES_ERROR;
				GCC_WARN_UNDECLARED_SELECTOR = YES;
				GCC_WARN_UNINITIALIZED_AUTOS = YES_AGGRESSIVE;
				GCC_WARN_UNUSED_FUNCTION = YES;
				GCC_WARN_UNUSED_VARIABLE = YES;
				IPHONEOS_DEPLOYMENT_TARGET = 10.2;
				MTL_ENABLE_DEBUG_INFO = NO;
				SDKROOT = iphoneos;
				SWIFT_OPTIMIZATION_LEVEL = "-Owholemodule";
				VALIDATE_PRODUCT = YES;
			};
			name = Release;
		};
		1D86FC321E56CF2D00BB4B5C /* Debug */ = {
			isa = XCBuildConfiguration;
			buildSettings = {
				ASSETCATALOG_COMPILER_APPICON_NAME = AppIcon;
				INFOPLIST_FILE = StopwatchKevin/Info.plist;
				LD_RUNPATH_SEARCH_PATHS = "$(inherited) @executable_path/Frameworks";
				PRODUCT_BUNDLE_IDENTIFIER = s.StopwatchKevin;
				PRODUCT_NAME = "$(TARGET_NAME)";
				SWIFT_VERSION = 3.0;
			};
			name = Debug;
		};
		1D86FC331E56CF2D00BB4B5C /* Release */ = {
			isa = XCBuildConfiguration;
			buildSettings = {
				ASSETCATALOG_COMPILER_APPICON_NAME = AppIcon;
				INFOPLIST_FILE = StopwatchKevin/Info.plist;
				LD_RUNPATH_SEARCH_PATHS = "$(inherited) @executable_path/Frameworks";
				PRODUCT_BUNDLE_IDENTIFIER = s.StopwatchKevin;
				PRODUCT_NAME = "$(TARGET_NAME)";
				SWIFT_VERSION = 3.0;
			};
			name = Release;
		};
		1D86FC351E56CF2D00BB4B5C /* Debug */ = {
			isa = XCBuildConfiguration;
			buildSettings = {
				ALWAYS_EMBED_SWIFT_STANDARD_LIBRARIES = YES;
				BUNDLE_LOADER = "$(TEST_HOST)";
				INFOPLIST_FILE = StopwatchKevinTests/Info.plist;
				LD_RUNPATH_SEARCH_PATHS = "$(inherited) @executable_path/Frameworks @loader_path/Frameworks";
				PRODUCT_BUNDLE_IDENTIFIER = s.StopwatchKevinTests;
				PRODUCT_NAME = "$(TARGET_NAME)";
				SWIFT_VERSION = 3.0;
				TEST_HOST = "$(BUILT_PRODUCTS_DIR)/StopwatchKevin.app/StopwatchKevin";
			};
			name = Debug;
		};
		1D86FC361E56CF2D00BB4B5C /* Release */ = {
			isa = XCBuildConfiguration;
			buildSettings = {
				ALWAYS_EMBED_SWIFT_STANDARD_LIBRARIES = YES;
				BUNDLE_LOADER = "$(TEST_HOST)";
				INFOPLIST_FILE = StopwatchKevinTests/Info.plist;
				LD_RUNPATH_SEARCH_PATHS = "$(inherited) @executable_path/Frameworks @loader_path/Frameworks";
				PRODUCT_BUNDLE_IDENTIFIER = s.StopwatchKevinTests;
				PRODUCT_NAME = "$(TARGET_NAME)";
				SWIFT_VERSION = 3.0;
				TEST_HOST = "$(BUILT_PRODUCTS_DIR)/StopwatchKevin.app/StopwatchKevin";
			};
			name = Release;
		};
		1D86FC381E56CF2D00BB4B5C /* Debug */ = {
			isa = XCBuildConfiguration;
			buildSettings = {
				ALWAYS_EMBED_SWIFT_STANDARD_LIBRARIES = YES;
				INFOPLIST_FILE = StopwatchKevinUITests/Info.plist;
				LD_RUNPATH_SEARCH_PATHS = "$(inherited) @executable_path/Frameworks @loader_path/Frameworks";
				PRODUCT_BUNDLE_IDENTIFIER = s.StopwatchKevinUITests;
				PRODUCT_NAME = "$(TARGET_NAME)";
				SWIFT_VERSION = 3.0;
				TEST_TARGET_NAME = StopwatchKevin;
			};
			name = Debug;
		};
		1D86FC391E56CF2D00BB4B5C /* Release */ = {
			isa = XCBuildConfiguration;
			buildSettings = {
				ALWAYS_EMBED_SWIFT_STANDARD_LIBRARIES = YES;
				INFOPLIST_FILE = StopwatchKevinUITests/Info.plist;
				LD_RUNPATH_SEARCH_PATHS = "$(inherited) @executable_path/Frameworks @loader_path/Frameworks";
				PRODUCT_BUNDLE_IDENTIFIER = s.StopwatchKevinUITests;
				PRODUCT_NAME = "$(TARGET_NAME)";
				SWIFT_VERSION = 3.0;
				TEST_TARGET_NAME = StopwatchKevin;
			};
			name = Release;
		};
/* End XCBuildConfiguration section */

/* Begin XCConfigurationList section */
		1D86FC041E56CF2D00BB4B5C /* Build configuration list for PBXProject "StopwatchKevin" */ = {
			isa = XCConfigurationList;
			buildConfigurations = (
				1D86FC2F1E56CF2D00BB4B5C /* Debug */,
				1D86FC301E56CF2D00BB4B5C /* Release */,
			);
			defaultConfigurationIsVisible = 0;
			defaultConfigurationName = Release;
		};
		1D86FC311E56CF2D00BB4B5C /* Build configuration list for PBXNativeTarget "StopwatchKevin" */ = {
			isa = XCConfigurationList;
			buildConfigurations = (
				1D86FC321E56CF2D00BB4B5C /* Debug */,
				1D86FC331E56CF2D00BB4B5C /* Release */,
			);
			defaultConfigurationIsVisible = 0;
		};
		1D86FC341E56CF2D00BB4B5C /* Build configuration list for PBXNativeTarget "StopwatchKevinTests" */ = {
			isa = XCConfigurationList;
			buildConfigurations = (
				1D86FC351E56CF2D00BB4B5C /* Debug */,
				1D86FC361E56CF2D00BB4B5C /* Release */,
			);
			defaultConfigurationIsVisible = 0;
		};
		1D86FC371E56CF2D00BB4B5C /* Build configuration list for PBXNativeTarget "StopwatchKevinUITests" */ = {
			isa = XCConfigurationList;
			buildConfigurations = (
				1D86FC381E56CF2D00BB4B5C /* Debug */,
				1D86FC391E56CF2D00BB4B5C /* Release */,
			);
			defaultConfigurationIsVisible = 0;
		};
/* End XCConfigurationList section */
	};
	rootObject = 1D86FC011E56CF2D00BB4B5C /* Project object */;
}
